// !$*UTF8*$!
{
	archiveVersion = 1;
	classes = {
	};
	objectVersion = 56;
	objects = {

/* Begin PBXBuildFile section */
		17ADA3C92B6DC0E300024639 /* ToDoListApp.swift in Sources */ = {isa = PBXBuildFile; fileRef = 17ADA3C82B6DC0E300024639 /* ToDoListApp.swift */; };
		17ADA3CB2B6DC0E300024639 /* MainView.swift in Sources */ = {isa = PBXBuildFile; fileRef = 17ADA3CA2B6DC0E300024639 /* MainView.swift */; };
		17ADA3CD2B6DC0E400024639 /* Assets.xcassets in Resources */ = {isa = PBXBuildFile; fileRef = 17ADA3CC2B6DC0E400024639 /* Assets.xcassets */; };
		17ADA3D02B6DC0E400024639 /* Preview Assets.xcassets in Resources */ = {isa = PBXBuildFile; fileRef = 17ADA3CF2B6DC0E400024639 /* Preview Assets.xcassets */; };
		17ADA3DA2B6DC0E400024639 /* ToDoListTests.swift in Sources */ = {isa = PBXBuildFile; fileRef = 17ADA3D92B6DC0E400024639 /* ToDoListTests.swift */; };
		17ADA3E42B6DC0E400024639 /* ToDoListUITests.swift in Sources */ = {isa = PBXBuildFile; fileRef = 17ADA3E32B6DC0E400024639 /* ToDoListUITests.swift */; };
		17ADA3E62B6DC0E400024639 /* ToDoListUITestsLaunchTests.swift in Sources */ = {isa = PBXBuildFile; fileRef = 17ADA3E52B6DC0E400024639 /* ToDoListUITestsLaunchTests.swift */; };
		17ADA3F42B6DC18B00024639 /* FirebaseAuth in Frameworks */ = {isa = PBXBuildFile; productRef = 17ADA3F32B6DC18B00024639 /* FirebaseAuth */; };
		17ADA3F62B6DC18B00024639 /* FirebaseFirestore in Frameworks */ = {isa = PBXBuildFile; productRef = 17ADA3F52B6DC18B00024639 /* FirebaseFirestore */; };
		17ADA3F82B6DC18B00024639 /* FirebaseFirestoreSwift in Frameworks */ = {isa = PBXBuildFile; productRef = 17ADA3F72B6DC18B00024639 /* FirebaseFirestoreSwift */; };
		17ADA3FA2B6EB51500024639 /* GoogleService-Info.plist in Resources */ = {isa = PBXBuildFile; fileRef = 17ADA3F92B6EB51500024639 /* GoogleService-Info.plist */; };
		17ADA4082B6EB96500024639 /* ProfileView.swift in Sources */ = {isa = PBXBuildFile; fileRef = 17ADA4072B6EB96500024639 /* ProfileView.swift */; };
		17ADA40A2B6EB97900024639 /* ToDoListView.swift in Sources */ = {isa = PBXBuildFile; fileRef = 17ADA4092B6EB97900024639 /* ToDoListView.swift */; };
		17ADA40C2B6EB98900024639 /* NewItemView.swift in Sources */ = {isa = PBXBuildFile; fileRef = 17ADA40B2B6EB98900024639 /* NewItemView.swift */; };
		17ADA40E2B6EB99B00024639 /* LoginView.swift in Sources */ = {isa = PBXBuildFile; fileRef = 17ADA40D2B6EB99B00024639 /* LoginView.swift */; };
		17ADA4102B6EB9AA00024639 /* RegisterView.swift in Sources */ = {isa = PBXBuildFile; fileRef = 17ADA40F2B6EB9AA00024639 /* RegisterView.swift */; };
		17ADA4122B6EB9C300024639 /* ToDoListItemView.swift in Sources */ = {isa = PBXBuildFile; fileRef = 17ADA4112B6EB9C300024639 /* ToDoListItemView.swift */; };
		17ADA4142B6EB9E100024639 /* User.swift in Sources */ = {isa = PBXBuildFile; fileRef = 17ADA4132B6EB9E100024639 /* User.swift */; };
		17ADA4162B6EB9F200024639 /* ToDoListItem.swift in Sources */ = {isa = PBXBuildFile; fileRef = 17ADA4152B6EB9F200024639 /* ToDoListItem.swift */; };
		17ADA4182B6EBA1000024639 /* MainViewViewModel.swift in Sources */ = {isa = PBXBuildFile; fileRef = 17ADA4172B6EBA1000024639 /* MainViewViewModel.swift */; };
		17ADA41A2B6EBA3000024639 /* ProfileViewViewModel.swift in Sources */ = {isa = PBXBuildFile; fileRef = 17ADA4192B6EBA3000024639 /* ProfileViewViewModel.swift */; };
		17ADA41C2B6EBA3E00024639 /* ToDoListViewViewModel.swift in Sources */ = {isa = PBXBuildFile; fileRef = 17ADA41B2B6EBA3E00024639 /* ToDoListViewViewModel.swift */; };
		17ADA41E2B6EBA5E00024639 /* NewItemViewViewModel.swift in Sources */ = {isa = PBXBuildFile; fileRef = 17ADA41D2B6EBA5E00024639 /* NewItemViewViewModel.swift */; };
		17ADA4202B6EBA7E00024639 /* LoginViewViewModel.swift in Sources */ = {isa = PBXBuildFile; fileRef = 17ADA41F2B6EBA7E00024639 /* LoginViewViewModel.swift */; };
		17ADA4222B6EBA8800024639 /* RegisterViewViewModel.swift in Sources */ = {isa = PBXBuildFile; fileRef = 17ADA4212B6EBA8800024639 /* RegisterViewViewModel.swift */; };
		17ADA4242B6EBA9C00024639 /* ToDoListItemViewViewModel.swift in Sources */ = {isa = PBXBuildFile; fileRef = 17ADA4232B6EBA9C00024639 /* ToDoListItemViewViewModel.swift */; };
		17ADA4262B6EC02700024639 /* HeaderView.swift in Sources */ = {isa = PBXBuildFile; fileRef = 17ADA4252B6EC02700024639 /* HeaderView.swift */; };
		17ADA4282B6EFC2E00024639 /* TLButton.swift in Sources */ = {isa = PBXBuildFile; fileRef = 17ADA4272B6EFC2E00024639 /* TLButton.swift */; };
		17ADA42A2B6FE4FC00024639 /* Extensions.swift in Sources */ = {isa = PBXBuildFile; fileRef = 17ADA4292B6FE4FC00024639 /* Extensions.swift */; };
/* End PBXBuildFile section */

/* Begin PBXContainerItemProxy section */
		17ADA3D62B6DC0E400024639 /* PBXContainerItemProxy */ = {
			isa = PBXContainerItemProxy;
			containerPortal = 17ADA3BD2B6DC0E300024639 /* Project object */;
			proxyType = 1;
			remoteGlobalIDString = 17ADA3C42B6DC0E300024639;
			remoteInfo = ToDoList;
		};
		17ADA3E02B6DC0E400024639 /* PBXContainerItemProxy */ = {
			isa = PBXContainerItemProxy;
			containerPortal = 17ADA3BD2B6DC0E300024639 /* Project object */;
			proxyType = 1;
			remoteGlobalIDString = 17ADA3C42B6DC0E300024639;
			remoteInfo = ToDoList;
		};
/* End PBXContainerItemProxy section */

/* Begin PBXFileReference section */
		17ADA3C52B6DC0E300024639 /* ToDoList.app */ = {isa = PBXFileReference; explicitFileType = wrapper.application; includeInIndex = 0; path = ToDoList.app; sourceTree = BUILT_PRODUCTS_DIR; };
		17ADA3C82B6DC0E300024639 /* ToDoListApp.swift */ = {isa = PBXFileReference; lastKnownFileType = sourcecode.swift; path = ToDoListApp.swift; sourceTree = "<group>"; };
		17ADA3CA2B6DC0E300024639 /* MainView.swift */ = {isa = PBXFileReference; lastKnownFileType = sourcecode.swift; path = MainView.swift; sourceTree = "<group>"; };
		17ADA3CC2B6DC0E400024639 /* Assets.xcassets */ = {isa = PBXFileReference; lastKnownFileType = folder.assetcatalog; path = Assets.xcassets; sourceTree = "<group>"; };
		17ADA3CF2B6DC0E400024639 /* Preview Assets.xcassets */ = {isa = PBXFileReference; lastKnownFileType = folder.assetcatalog; path = "Preview Assets.xcassets"; sourceTree = "<group>"; };
		17ADA3D52B6DC0E400024639 /* ToDoListTests.xctest */ = {isa = PBXFileReference; explicitFileType = wrapper.cfbundle; includeInIndex = 0; path = ToDoListTests.xctest; sourceTree = BUILT_PRODUCTS_DIR; };
		17ADA3D92B6DC0E400024639 /* ToDoListTests.swift */ = {isa = PBXFileReference; lastKnownFileType = sourcecode.swift; path = ToDoListTests.swift; sourceTree = "<group>"; };
		17ADA3DF2B6DC0E400024639 /* ToDoListUITests.xctest */ = {isa = PBXFileReference; explicitFileType = wrapper.cfbundle; includeInIndex = 0; path = ToDoListUITests.xctest; sourceTree = BUILT_PRODUCTS_DIR; };
		17ADA3E32B6DC0E400024639 /* ToDoListUITests.swift */ = {isa = PBXFileReference; lastKnownFileType = sourcecode.swift; path = ToDoListUITests.swift; sourceTree = "<group>"; };
		17ADA3E52B6DC0E400024639 /* ToDoListUITestsLaunchTests.swift */ = {isa = PBXFileReference; lastKnownFileType = sourcecode.swift; path = ToDoListUITestsLaunchTests.swift; sourceTree = "<group>"; };
		17ADA3F92B6EB51500024639 /* GoogleService-Info.plist */ = {isa = PBXFileReference; fileEncoding = 4; lastKnownFileType = text.plist.xml; path = "GoogleService-Info.plist"; sourceTree = "<group>"; };
		17ADA4072B6EB96500024639 /* ProfileView.swift */ = {isa = PBXFileReference; lastKnownFileType = sourcecode.swift; path = ProfileView.swift; sourceTree = "<group>"; };
		17ADA4092B6EB97900024639 /* ToDoListView.swift */ = {isa = PBXFileReference; lastKnownFileType = sourcecode.swift; path = ToDoListView.swift; sourceTree = "<group>"; };
		17ADA40B2B6EB98900024639 /* NewItemView.swift */ = {isa = PBXFileReference; lastKnownFileType = sourcecode.swift; path = NewItemView.swift; sourceTree = "<group>"; };
		17ADA40D2B6EB99B00024639 /* LoginView.swift */ = {isa = PBXFileReference; lastKnownFileType = sourcecode.swift; path = LoginView.swift; sourceTree = "<group>"; };
		17ADA40F2B6EB9AA00024639 /* RegisterView.swift */ = {isa = PBXFileReference; lastKnownFileType = sourcecode.swift; path = RegisterView.swift; sourceTree = "<group>"; };
		17ADA4112B6EB9C300024639 /* ToDoListItemView.swift */ = {isa = PBXFileReference; lastKnownFileType = sourcecode.swift; path = ToDoListItemView.swift; sourceTree = "<group>"; };
		17ADA4132B6EB9E100024639 /* User.swift */ = {isa = PBXFileReference; lastKnownFileType = sourcecode.swift; path = User.swift; sourceTree = "<group>"; };
		17ADA4152B6EB9F200024639 /* ToDoListItem.swift */ = {isa = PBXFileReference; lastKnownFileType = sourcecode.swift; path = ToDoListItem.swift; sourceTree = "<group>"; };
		17ADA4172B6EBA1000024639 /* MainViewViewModel.swift */ = {isa = PBXFileReference; lastKnownFileType = sourcecode.swift; path = MainViewViewModel.swift; sourceTree = "<group>"; };
		17ADA4192B6EBA3000024639 /* ProfileViewViewModel.swift */ = {isa = PBXFileReference; lastKnownFileType = sourcecode.swift; path = ProfileViewViewModel.swift; sourceTree = "<group>"; };
		17ADA41B2B6EBA3E00024639 /* ToDoListViewViewModel.swift */ = {isa = PBXFileReference; lastKnownFileType = sourcecode.swift; path = ToDoListViewViewModel.swift; sourceTree = "<group>"; };
		17ADA41D2B6EBA5E00024639 /* NewItemViewViewModel.swift */ = {isa = PBXFileReference; lastKnownFileType = sourcecode.swift; path = NewItemViewViewModel.swift; sourceTree = "<group>"; };
		17ADA41F2B6EBA7E00024639 /* LoginViewViewModel.swift */ = {isa = PBXFileReference; lastKnownFileType = sourcecode.swift; path = LoginViewViewModel.swift; sourceTree = "<group>"; };
		17ADA4212B6EBA8800024639 /* RegisterViewViewModel.swift */ = {isa = PBXFileReference; lastKnownFileType = sourcecode.swift; path = RegisterViewViewModel.swift; sourceTree = "<group>"; };
		17ADA4232B6EBA9C00024639 /* ToDoListItemViewViewModel.swift */ = {isa = PBXFileReference; lastKnownFileType = sourcecode.swift; path = ToDoListItemViewViewModel.swift; sourceTree = "<group>"; };
		17ADA4252B6EC02700024639 /* HeaderView.swift */ = {isa = PBXFileReference; lastKnownFileType = sourcecode.swift; path = HeaderView.swift; sourceTree = "<group>"; };
		17ADA4272B6EFC2E00024639 /* TLButton.swift */ = {isa = PBXFileReference; lastKnownFileType = sourcecode.swift; path = TLButton.swift; sourceTree = "<group>"; };
		17ADA4292B6FE4FC00024639 /* Extensions.swift */ = {isa = PBXFileReference; lastKnownFileType = sourcecode.swift; path = Extensions.swift; sourceTree = "<group>"; };
/* End PBXFileReference section */

/* Begin PBXFrameworksBuildPhase section */
		17ADA3C22B6DC0E300024639 /* Frameworks */ = {
			isa = PBXFrameworksBuildPhase;
			buildActionMask = 2147483647;
			files = (
				17ADA3F42B6DC18B00024639 /* FirebaseAuth in Frameworks */,
				17ADA3F62B6DC18B00024639 /* FirebaseFirestore in Frameworks */,
				17ADA3F82B6DC18B00024639 /* FirebaseFirestoreSwift in Frameworks */,
			);
			runOnlyForDeploymentPostprocessing = 0;
		};
		17ADA3D22B6DC0E400024639 /* Frameworks */ = {
			isa = PBXFrameworksBuildPhase;
			buildActionMask = 2147483647;
			files = (
			);
			runOnlyForDeploymentPostprocessing = 0;
		};
		17ADA3DC2B6DC0E400024639 /* Frameworks */ = {
			isa = PBXFrameworksBuildPhase;
			buildActionMask = 2147483647;
			files = (
			);
			runOnlyForDeploymentPostprocessing = 0;
		};
/* End PBXFrameworksBuildPhase section */

/* Begin PBXGroup section */
		17ADA3BC2B6DC0E300024639 = {
			isa = PBXGroup;
			children = (
				17ADA3C72B6DC0E300024639 /* ToDoList */,
				17ADA3D82B6DC0E400024639 /* ToDoListTests */,
				17ADA3E22B6DC0E400024639 /* ToDoListUITests */,
				17ADA3C62B6DC0E300024639 /* Products */,
			);
			sourceTree = "<group>";
		};
		17ADA3C62B6DC0E300024639 /* Products */ = {
			isa = PBXGroup;
			children = (
				17ADA3C52B6DC0E300024639 /* ToDoList.app */,
				17ADA3D52B6DC0E400024639 /* ToDoListTests.xctest */,
				17ADA3DF2B6DC0E400024639 /* ToDoListUITests.xctest */,
			);
			name = Products;
			sourceTree = "<group>";
		};
		17ADA3C72B6DC0E300024639 /* ToDoList */ = {
			isa = PBXGroup;
			children = (
				17ADA3FE2B6EB71400024639 /* Other */,
				17ADA3FD2B6EB70700024639 /* Models */,
				17ADA3FC2B6EB6FA00024639 /* ViewModels */,
				17ADA3FB2B6EB6EB00024639 /* Views */,
				17ADA3CE2B6DC0E400024639 /* Preview Content */,
			);
			path = ToDoList;
			sourceTree = "<group>";
		};
		17ADA3CE2B6DC0E400024639 /* Preview Content */ = {
			isa = PBXGroup;
			children = (
				17ADA3CF2B6DC0E400024639 /* Preview Assets.xcassets */,
			);
			path = "Preview Content";
			sourceTree = "<group>";
		};
		17ADA3D82B6DC0E400024639 /* ToDoListTests */ = {
			isa = PBXGroup;
			children = (
				17ADA3D92B6DC0E400024639 /* ToDoListTests.swift */,
			);
			path = ToDoListTests;
			sourceTree = "<group>";
		};
		17ADA3E22B6DC0E400024639 /* ToDoListUITests */ = {
			isa = PBXGroup;
			children = (
				17ADA3E32B6DC0E400024639 /* ToDoListUITests.swift */,
				17ADA3E52B6DC0E400024639 /* ToDoListUITestsLaunchTests.swift */,
			);
			path = ToDoListUITests;
			sourceTree = "<group>";
		};
		17ADA3FB2B6EB6EB00024639 /* Views */ = {
			isa = PBXGroup;
			children = (
				17ADA3CA2B6DC0E300024639 /* MainView.swift */,
				17ADA4252B6EC02700024639 /* HeaderView.swift */,
				17ADA40D2B6EB99B00024639 /* LoginView.swift */,
				17ADA4072B6EB96500024639 /* ProfileView.swift */,
				17ADA4092B6EB97900024639 /* ToDoListView.swift */,
				17ADA40B2B6EB98900024639 /* NewItemView.swift */,
				17ADA40F2B6EB9AA00024639 /* RegisterView.swift */,
				17ADA4112B6EB9C300024639 /* ToDoListItemView.swift */,
				17ADA4272B6EFC2E00024639 /* TLButton.swift */,
			);
			path = Views;
			sourceTree = "<group>";
		};
		17ADA3FC2B6EB6FA00024639 /* ViewModels */ = {
			isa = PBXGroup;
			children = (
				17ADA4172B6EBA1000024639 /* MainViewViewModel.swift */,
				17ADA4192B6EBA3000024639 /* ProfileViewViewModel.swift */,
				17ADA41B2B6EBA3E00024639 /* ToDoListViewViewModel.swift */,
				17ADA41D2B6EBA5E00024639 /* NewItemViewViewModel.swift */,
				17ADA41F2B6EBA7E00024639 /* LoginViewViewModel.swift */,
				17ADA4212B6EBA8800024639 /* RegisterViewViewModel.swift */,
				17ADA4232B6EBA9C00024639 /* ToDoListItemViewViewModel.swift */,
			);
			path = ViewModels;
			sourceTree = "<group>";
		};
		17ADA3FD2B6EB70700024639 /* Models */ = {
			isa = PBXGroup;
			children = (
				17ADA4132B6EB9E100024639 /* User.swift */,
				17ADA4152B6EB9F200024639 /* ToDoListItem.swift */,
			);
			path = Models;
			sourceTree = "<group>";
		};
		17ADA3FE2B6EB71400024639 /* Other */ = {
			isa = PBXGroup;
			children = (
				17ADA3F92B6EB51500024639 /* GoogleService-Info.plist */,
				17ADA3CC2B6DC0E400024639 /* Assets.xcassets */,
				17ADA3C82B6DC0E300024639 /* ToDoListApp.swift */,
				17ADA4292B6FE4FC00024639 /* Extensions.swift */,
			);
			path = Other;
			sourceTree = "<group>";
		};
/* End PBXGroup section */

/* Begin PBXNativeTarget section */
		17ADA3C42B6DC0E300024639 /* ToDoList */ = {
			isa = PBXNativeTarget;
			buildConfigurationList = 17ADA3E92B6DC0E400024639 /* Build configuration list for PBXNativeTarget "ToDoList" */;
			buildPhases = (
				17ADA3C12B6DC0E300024639 /* Sources */,
				17ADA3C22B6DC0E300024639 /* Frameworks */,
				17ADA3C32B6DC0E300024639 /* Resources */,
			);
			buildRules = (
			);
			dependencies = (
			);
			name = ToDoList;
			packageProductDependencies = (
				17ADA3F32B6DC18B00024639 /* FirebaseAuth */,
				17ADA3F52B6DC18B00024639 /* FirebaseFirestore */,
				17ADA3F72B6DC18B00024639 /* FirebaseFirestoreSwift */,
			);
			productName = ToDoList;
			productReference = 17ADA3C52B6DC0E300024639 /* ToDoList.app */;
			productType = "com.apple.product-type.application";
		};
		17ADA3D42B6DC0E400024639 /* ToDoListTests */ = {
			isa = PBXNativeTarget;
			buildConfigurationList = 17ADA3EC2B6DC0E400024639 /* Build configuration list for PBXNativeTarget "ToDoListTests" */;
			buildPhases = (
				17ADA3D12B6DC0E400024639 /* Sources */,
				17ADA3D22B6DC0E400024639 /* Frameworks */,
				17ADA3D32B6DC0E400024639 /* Resources */,
			);
			buildRules = (
			);
			dependencies = (
				17ADA3D72B6DC0E400024639 /* PBXTargetDependency */,
			);
			name = ToDoListTests;
			productName = ToDoListTests;
			productReference = 17ADA3D52B6DC0E400024639 /* ToDoListTests.xctest */;
			productType = "com.apple.product-type.bundle.unit-test";
		};
		17ADA3DE2B6DC0E400024639 /* ToDoListUITests */ = {
			isa = PBXNativeTarget;
			buildConfigurationList = 17ADA3EF2B6DC0E400024639 /* Build configuration list for PBXNativeTarget "ToDoListUITests" */;
			buildPhases = (
				17ADA3DB2B6DC0E400024639 /* Sources */,
				17ADA3DC2B6DC0E400024639 /* Frameworks */,
				17ADA3DD2B6DC0E400024639 /* Resources */,
			);
			buildRules = (
			);
			dependencies = (
				17ADA3E12B6DC0E400024639 /* PBXTargetDependency */,
			);
			name = ToDoListUITests;
			productName = ToDoListUITests;
			productReference = 17ADA3DF2B6DC0E400024639 /* ToDoListUITests.xctest */;
			productType = "com.apple.product-type.bundle.ui-testing";
		};
/* End PBXNativeTarget section */

/* Begin PBXProject section */
		17ADA3BD2B6DC0E300024639 /* Project object */ = {
			isa = PBXProject;
			attributes = {
				BuildIndependentTargetsInParallel = 1;
				LastSwiftUpdateCheck = 1500;
				LastUpgradeCheck = 1500;
				TargetAttributes = {
					17ADA3C42B6DC0E300024639 = {
						CreatedOnToolsVersion = 15.0.1;
					};
					17ADA3D42B6DC0E400024639 = {
						CreatedOnToolsVersion = 15.0.1;
						TestTargetID = 17ADA3C42B6DC0E300024639;
					};
					17ADA3DE2B6DC0E400024639 = {
						CreatedOnToolsVersion = 15.0.1;
						TestTargetID = 17ADA3C42B6DC0E300024639;
					};
				};
			};
			buildConfigurationList = 17ADA3C02B6DC0E300024639 /* Build configuration list for PBXProject "ToDoList" */;
			compatibilityVersion = "Xcode 14.0";
			developmentRegion = en;
			hasScannedForEncodings = 0;
			knownRegions = (
				en,
				Base,
			);
			mainGroup = 17ADA3BC2B6DC0E300024639;
			packageReferences = (
				17ADA3F22B6DC18B00024639 /* XCRemoteSwiftPackageReference "firebase-ios-sdk" */,
			);
			productRefGroup = 17ADA3C62B6DC0E300024639 /* Products */;
			projectDirPath = "";
			projectRoot = "";
			targets = (
				17ADA3C42B6DC0E300024639 /* ToDoList */,
				17ADA3D42B6DC0E400024639 /* ToDoListTests */,
				17ADA3DE2B6DC0E400024639 /* ToDoListUITests */,
			);
		};
/* End PBXProject section */

/* Begin PBXResourcesBuildPhase section */
		17ADA3C32B6DC0E300024639 /* Resources */ = {
			isa = PBXResourcesBuildPhase;
			buildActionMask = 2147483647;
			files = (
				17ADA3D02B6DC0E400024639 /* Preview Assets.xcassets in Resources */,
				17ADA3CD2B6DC0E400024639 /* Assets.xcassets in Resources */,
				17ADA3FA2B6EB51500024639 /* GoogleService-Info.plist in Resources */,
			);
			runOnlyForDeploymentPostprocessing = 0;
		};
		17ADA3D32B6DC0E400024639 /* Resources */ = {
			isa = PBXResourcesBuildPhase;
			buildActionMask = 2147483647;
			files = (
			);
			runOnlyForDeploymentPostprocessing = 0;
		};
		17ADA3DD2B6DC0E400024639 /* Resources */ = {
			isa = PBXResourcesBuildPhase;
			buildActionMask = 2147483647;
			files = (
			);
			runOnlyForDeploymentPostprocessing = 0;
		};
/* End PBXResourcesBuildPhase section */

/* Begin PBXSourcesBuildPhase section */
		17ADA3C12B6DC0E300024639 /* Sources */ = {
			isa = PBXSourcesBuildPhase;
			buildActionMask = 2147483647;
			files = (
				17ADA40E2B6EB99B00024639 /* LoginView.swift in Sources */,
				17ADA4262B6EC02700024639 /* HeaderView.swift in Sources */,
				17ADA3CB2B6DC0E300024639 /* MainView.swift in Sources */,
				17ADA4222B6EBA8800024639 /* RegisterViewViewModel.swift in Sources */,
				17ADA4182B6EBA1000024639 /* MainViewViewModel.swift in Sources */,
				17ADA4082B6EB96500024639 /* ProfileView.swift in Sources */,
				17ADA4102B6EB9AA00024639 /* RegisterView.swift in Sources */,
				17ADA4282B6EFC2E00024639 /* TLButton.swift in Sources */,
				17ADA41A2B6EBA3000024639 /* ProfileViewViewModel.swift in Sources */,
				17ADA40A2B6EB97900024639 /* ToDoListView.swift in Sources */,
				17ADA4142B6EB9E100024639 /* User.swift in Sources */,
				17ADA4122B6EB9C300024639 /* ToDoListItemView.swift in Sources */,
				17ADA41C2B6EBA3E00024639 /* ToDoListViewViewModel.swift in Sources */,
				17ADA4202B6EBA7E00024639 /* LoginViewViewModel.swift in Sources */,
				17ADA3C92B6DC0E300024639 /* ToDoListApp.swift in Sources */,
				17ADA42A2B6FE4FC00024639 /* Extensions.swift in Sources */,
				17ADA4162B6EB9F200024639 /* ToDoListItem.swift in Sources */,
				17ADA40C2B6EB98900024639 /* NewItemView.swift in Sources */,
				17ADA41E2B6EBA5E00024639 /* NewItemViewViewModel.swift in Sources */,
				17ADA4242B6EBA9C00024639 /* ToDoListItemViewViewModel.swift in Sources */,
			);
			runOnlyForDeploymentPostprocessing = 0;
		};
		17ADA3D12B6DC0E400024639 /* Sources */ = {
			isa = PBXSourcesBuildPhase;
			buildActionMask = 2147483647;
			files = (
				17ADA3DA2B6DC0E400024639 /* ToDoListTests.swift in Sources */,
			);
			runOnlyForDeploymentPostprocessing = 0;
		};
		17ADA3DB2B6DC0E400024639 /* Sources */ = {
			isa = PBXSourcesBuildPhase;
			buildActionMask = 2147483647;
			files = (
				17ADA3E62B6DC0E400024639 /* ToDoListUITestsLaunchTests.swift in Sources */,
				17ADA3E42B6DC0E400024639 /* ToDoListUITests.swift in Sources */,
			);
			runOnlyForDeploymentPostprocessing = 0;
		};
/* End PBXSourcesBuildPhase section */

/* Begin PBXTargetDependency section */
		17ADA3D72B6DC0E400024639 /* PBXTargetDependency */ = {
			isa = PBXTargetDependency;
			target = 17ADA3C42B6DC0E300024639 /* ToDoList */;
			targetProxy = 17ADA3D62B6DC0E400024639 /* PBXContainerItemProxy */;
		};
		17ADA3E12B6DC0E400024639 /* PBXTargetDependency */ = {
			isa = PBXTargetDependency;
			target = 17ADA3C42B6DC0E300024639 /* ToDoList */;
			targetProxy = 17ADA3E02B6DC0E400024639 /* PBXContainerItemProxy */;
		};
/* End PBXTargetDependency section */

/* Begin XCBuildConfiguration section */
		17ADA3E72B6DC0E400024639 /* Debug */ = {
			isa = XCBuildConfiguration;
			buildSettings = {
				ALWAYS_SEARCH_USER_PATHS = NO;
				ASSETCATALOG_COMPILER_GENERATE_SWIFT_ASSET_SYMBOL_EXTENSIONS = YES;
				CLANG_ANALYZER_NONNULL = YES;
				CLANG_ANALYZER_NUMBER_OBJECT_CONVERSION = YES_AGGRESSIVE;
				CLANG_CXX_LANGUAGE_STANDARD = "gnu++20";
				CLANG_ENABLE_MODULES = YES;
				CLANG_ENABLE_OBJC_ARC = YES;
				CLANG_ENABLE_OBJC_WEAK = YES;
				CLANG_WARN_BLOCK_CAPTURE_AUTORELEASING = YES;
				CLANG_WARN_BOOL_CONVERSION = YES;
				CLANG_WARN_COMMA = YES;
				CLANG_WARN_CONSTANT_CONVERSION = YES;
				CLANG_WARN_DEPRECATED_OBJC_IMPLEMENTATIONS = YES;
				CLANG_WARN_DIRECT_OBJC_ISA_USAGE = YES_ERROR;
				CLANG_WARN_DOCUMENTATION_COMMENTS = YES;
				CLANG_WARN_EMPTY_BODY = YES;
				CLANG_WARN_ENUM_CONVERSION = YES;
				CLANG_WARN_INFINITE_RECURSION = YES;
				CLANG_WARN_INT_CONVERSION = YES;
				CLANG_WARN_NON_LITERAL_NULL_CONVERSION = YES;
				CLANG_WARN_OBJC_IMPLICIT_RETAIN_SELF = YES;
				CLANG_WARN_OBJC_LITERAL_CONVERSION = YES;
				CLANG_WARN_OBJC_ROOT_CLASS = YES_ERROR;
				CLANG_WARN_QUOTED_INCLUDE_IN_FRAMEWORK_HEADER = YES;
				CLANG_WARN_RANGE_LOOP_ANALYSIS = YES;
				CLANG_WARN_STRICT_PROTOTYPES = YES;
				CLANG_WARN_SUSPICIOUS_MOVE = YES;
				CLANG_WARN_UNGUARDED_AVAILABILITY = YES_AGGRESSIVE;
				CLANG_WARN_UNREACHABLE_CODE = YES;
				CLANG_WARN__DUPLICATE_METHOD_MATCH = YES;
				COPY_PHASE_STRIP = NO;
				DEBUG_INFORMATION_FORMAT = dwarf;
				ENABLE_STRICT_OBJC_MSGSEND = YES;
				ENABLE_TESTABILITY = YES;
				ENABLE_USER_SCRIPT_SANDBOXING = YES;
				GCC_C_LANGUAGE_STANDARD = gnu17;
				GCC_DYNAMIC_NO_PIC = NO;
				GCC_NO_COMMON_BLOCKS = YES;
				GCC_OPTIMIZATION_LEVEL = 0;
				GCC_PREPROCESSOR_DEFINITIONS = (
					"DEBUG=1",
					"$(inherited)",
				);
				GCC_WARN_64_TO_32_BIT_CONVERSION = YES;
				GCC_WARN_ABOUT_RETURN_TYPE = YES_ERROR;
				GCC_WARN_UNDECLARED_SELECTOR = YES;
				GCC_WARN_UNINITIALIZED_AUTOS = YES_AGGRESSIVE;
				GCC_WARN_UNUSED_FUNCTION = YES;
				GCC_WARN_UNUSED_VARIABLE = YES;
				IPHONEOS_DEPLOYMENT_TARGET = 17.0;
				LOCALIZATION_PREFERS_STRING_CATALOGS = YES;
				MTL_ENABLE_DEBUG_INFO = INCLUDE_SOURCE;
				MTL_FAST_MATH = YES;
				ONLY_ACTIVE_ARCH = YES;
				SDKROOT = iphoneos;
				SWIFT_ACTIVE_COMPILATION_CONDITIONS = "DEBUG $(inherited)";
				SWIFT_OPTIMIZATION_LEVEL = "-Onone";
			};
			name = Debug;
		};
		17ADA3E82B6DC0E400024639 /* Release */ = {
			isa = XCBuildConfiguration;
			buildSettings = {
				ALWAYS_SEARCH_USER_PATHS = NO;
				ASSETCATALOG_COMPILER_GENERATE_SWIFT_ASSET_SYMBOL_EXTENSIONS = YES;
				CLANG_ANALYZER_NONNULL = YES;
				CLANG_ANALYZER_NUMBER_OBJECT_CONVERSION = YES_AGGRESSIVE;
				CLANG_CXX_LANGUAGE_STANDARD = "gnu++20";
				CLANG_ENABLE_MODULES = YES;
				CLANG_ENABLE_OBJC_ARC = YES;
				CLANG_ENABLE_OBJC_WEAK = YES;
				CLANG_WARN_BLOCK_CAPTURE_AUTORELEASING = YES;
				CLANG_WARN_BOOL_CONVERSION = YES;
				CLANG_WARN_COMMA = YES;
				CLANG_WARN_CONSTANT_CONVERSION = YES;
				CLANG_WARN_DEPRECATED_OBJC_IMPLEMENTATIONS = YES;
				CLANG_WARN_DIRECT_OBJC_ISA_USAGE = YES_ERROR;
				CLANG_WARN_DOCUMENTATION_COMMENTS = YES;
				CLANG_WARN_EMPTY_BODY = YES;
				CLANG_WARN_ENUM_CONVERSION = YES;
				CLANG_WARN_INFINITE_RECURSION = YES;
				CLANG_WARN_INT_CONVERSION = YES;
				CLANG_WARN_NON_LITERAL_NULL_CONVERSION = YES;
				CLANG_WARN_OBJC_IMPLICIT_RETAIN_SELF = YES;
				CLANG_WARN_OBJC_LITERAL_CONVERSION = YES;
				CLANG_WARN_OBJC_ROOT_CLASS = YES_ERROR;
				CLANG_WARN_QUOTED_INCLUDE_IN_FRAMEWORK_HEADER = YES;
				CLANG_WARN_RANGE_LOOP_ANALYSIS = YES;
				CLANG_WARN_STRICT_PROTOTYPES = YES;
				CLANG_WARN_SUSPICIOUS_MOVE = YES;
				CLANG_WARN_UNGUARDED_AVAILABILITY = YES_AGGRESSIVE;
				CLANG_WARN_UNREACHABLE_CODE = YES;
				CLANG_WARN__DUPLICATE_METHOD_MATCH = YES;
				COPY_PHASE_STRIP = NO;
				DEBUG_INFORMATION_FORMAT = "dwarf-with-dsym";
				ENABLE_NS_ASSERTIONS = NO;
				ENABLE_STRICT_OBJC_MSGSEND = YES;
				ENABLE_USER_SCRIPT_SANDBOXING = YES;
				GCC_C_LANGUAGE_STANDARD = gnu17;
				GCC_NO_COMMON_BLOCKS = YES;
				GCC_WARN_64_TO_32_BIT_CONVERSION = YES;
				GCC_WARN_ABOUT_RETURN_TYPE = YES_ERROR;
				GCC_WARN_UNDECLARED_SELECTOR = YES;
				GCC_WARN_UNINITIALIZED_AUTOS = YES_AGGRESSIVE;
				GCC_WARN_UNUSED_FUNCTION = YES;
				GCC_WARN_UNUSED_VARIABLE = YES;
				IPHONEOS_DEPLOYMENT_TARGET = 17.0;
				LOCALIZATION_PREFERS_STRING_CATALOGS = YES;
				MTL_ENABLE_DEBUG_INFO = NO;
				MTL_FAST_MATH = YES;
				SDKROOT = iphoneos;
				SWIFT_COMPILATION_MODE = wholemodule;
				VALIDATE_PRODUCT = YES;
			};
			name = Release;
		};
		17ADA3EA2B6DC0E400024639 /* Debug */ = {
			isa = XCBuildConfiguration;
			buildSettings = {
				ASSETCATALOG_COMPILER_APPICON_NAME = AppIcon;
				ASSETCATALOG_COMPILER_GLOBAL_ACCENT_COLOR_NAME = AccentColor;
				CODE_SIGN_STYLE = Automatic;
				CURRENT_PROJECT_VERSION = 1;
				DEVELOPMENT_ASSET_PATHS = "\"ToDoList/Preview Content\"";
				ENABLE_PREVIEWS = YES;
				GENERATE_INFOPLIST_FILE = YES;
				INFOPLIST_KEY_CFBundleDisplayName = "To Do List";
				INFOPLIST_KEY_UIApplicationSceneManifest_Generation = YES;
				INFOPLIST_KEY_UIApplicationSupportsIndirectInputEvents = YES;
				INFOPLIST_KEY_UILaunchScreen_Generation = YES;
				INFOPLIST_KEY_UISupportedInterfaceOrientations = UIInterfaceOrientationPortrait;
				LD_RUNPATH_SEARCH_PATHS = (
					"$(inherited)",
					"@executable_path/Frameworks",
				);
				MARKETING_VERSION = 1.0;
				PRODUCT_BUNDLE_IDENTIFIER = com.dishant.ToDoList;
				PRODUCT_NAME = "$(TARGET_NAME)";
				SWIFT_EMIT_LOC_STRINGS = YES;
				SWIFT_VERSION = 5.0;
				TARGETED_DEVICE_FAMILY = "1,2";
			};
			name = Debug;
		};
		17ADA3EB2B6DC0E400024639 /* Release */ = {
			isa = XCBuildConfiguration;
			buildSettings = {
				ASSETCATALOG_COMPILER_APPICON_NAME = AppIcon;
				ASSETCATALOG_COMPILER_GLOBAL_ACCENT_COLOR_NAME = AccentColor;
				CODE_SIGN_STYLE = Automatic;
				CURRENT_PROJECT_VERSION = 1;
				DEVELOPMENT_ASSET_PATHS = "\"ToDoList/Preview Content\"";
				ENABLE_PREVIEWS = YES;
				GENERATE_INFOPLIST_FILE = YES;
				INFOPLIST_KEY_CFBundleDisplayName = "To Do List";
				INFOPLIST_KEY_UIApplicationSceneManifest_Generation = YES;
				INFOPLIST_KEY_UIApplicationSupportsIndirectInputEvents = YES;
				INFOPLIST_KEY_UILaunchScreen_Generation = YES;
				INFOPLIST_KEY_UISupportedInterfaceOrientations = UIInterfaceOrientationPortrait;
				LD_RUNPATH_SEARCH_PATHS = (
					"$(inherited)",
					"@executable_path/Frameworks",
				);
				MARKETING_VERSION = 1.0;
				PRODUCT_BUNDLE_IDENTIFIER = com.dishant.ToDoList;
				PRODUCT_NAME = "$(TARGET_NAME)";
				SWIFT_EMIT_LOC_STRINGS = YES;
				SWIFT_VERSION = 5.0;
				TARGETED_DEVICE_FAMILY = "1,2";
			};
			name = Release;
		};
		17ADA3ED2B6DC0E400024639 /* Debug */ = {
			isa = XCBuildConfiguration;
			buildSettings = {
				ALWAYS_EMBED_SWIFT_STANDARD_LIBRARIES = YES;
				BUNDLE_LOADER = "$(TEST_HOST)";
				CODE_SIGN_STYLE = Automatic;
				CURRENT_PROJECT_VERSION = 1;
				GENERATE_INFOPLIST_FILE = YES;
				IPHONEOS_DEPLOYMENT_TARGET = 17.0;
				MARKETING_VERSION = 1.0;
				PRODUCT_BUNDLE_IDENTIFIER = com.dishant.ToDoListTests;
				PRODUCT_NAME = "$(TARGET_NAME)";
				SWIFT_EMIT_LOC_STRINGS = NO;
				SWIFT_VERSION = 5.0;
				TARGETED_DEVICE_FAMILY = "1,2";
				TEST_HOST = "$(BUILT_PRODUCTS_DIR)/ToDoList.app/$(BUNDLE_EXECUTABLE_FOLDER_PATH)/ToDoList";
			};
			name = Debug;
		};
		17ADA3EE2B6DC0E400024639 /* Release */ = {
			isa = XCBuildConfiguration;
			buildSettings = {
				ALWAYS_EMBED_SWIFT_STANDARD_LIBRARIES = YES;
				BUNDLE_LOADER = "$(TEST_HOST)";
				CODE_SIGN_STYLE = Automatic;
				CURRENT_PROJECT_VERSION = 1;
				GENERATE_INFOPLIST_FILE = YES;
				IPHONEOS_DEPLOYMENT_TARGET = 17.0;
				MARKETING_VERSION = 1.0;
				PRODUCT_BUNDLE_IDENTIFIER = com.dishant.ToDoListTests;
				PRODUCT_NAME = "$(TARGET_NAME)";
				SWIFT_EMIT_LOC_STRINGS = NO;
				SWIFT_VERSION = 5.0;
				TARGETED_DEVICE_FAMILY = "1,2";
				TEST_HOST = "$(BUILT_PRODUCTS_DIR)/ToDoList.app/$(BUNDLE_EXECUTABLE_FOLDER_PATH)/ToDoList";
			};
			name = Release;
		};
		17ADA3F02B6DC0E400024639 /* Debug */ = {
			isa = XCBuildConfiguration;
			buildSettings = {
				ALWAYS_EMBED_SWIFT_STANDARD_LIBRARIES = YES;
				CODE_SIGN_STYLE = Automatic;
				CURRENT_PROJECT_VERSION = 1;
				GENERATE_INFOPLIST_FILE = YES;
				MARKETING_VERSION = 1.0;
				PRODUCT_BUNDLE_IDENTIFIER = com.dishant.ToDoListUITests;
				PRODUCT_NAME = "$(TARGET_NAME)";
				SWIFT_EMIT_LOC_STRINGS = NO;
				SWIFT_VERSION = 5.0;
				TARGETED_DEVICE_FAMILY = "1,2";
				TEST_TARGET_NAME = ToDoList;
			};
			name = Debug;
		};
		17ADA3F12B6DC0E400024639 /* Release */ = {
			isa = XCBuildConfiguration;
			buildSettings = {
				ALWAYS_EMBED_SWIFT_STANDARD_LIBRARIES = YES;
				CODE_SIGN_STYLE = Automatic;
				CURRENT_PROJECT_VERSION = 1;
				GENERATE_INFOPLIST_FILE = YES;
				MARKETING_VERSION = 1.0;
				PRODUCT_BUNDLE_IDENTIFIER = com.dishant.ToDoListUITests;
				PRODUCT_NAME = "$(TARGET_NAME)";
				SWIFT_EMIT_LOC_STRINGS = NO;
				SWIFT_VERSION = 5.0;
				TARGETED_DEVICE_FAMILY = "1,2";
				TEST_TARGET_NAME = ToDoList;
			};
			name = Release;
		};
/* End XCBuildConfiguration section */

/* Begin XCConfigurationList section */
		17ADA3C02B6DC0E300024639 /* Build configuration list for PBXProject "ToDoList" */ = {
			isa = XCConfigurationList;
			buildConfigurations = (
				17ADA3E72B6DC0E400024639 /* Debug */,
				17ADA3E82B6DC0E400024639 /* Release */,
			);
			defaultConfigurationIsVisible = 0;
			defaultConfigurationName = Release;
		};
		17ADA3E92B6DC0E400024639 /* Build configuration list for PBXNativeTarget "ToDoList" */ = {
			isa = XCConfigurationList;
			buildConfigurations = (
				17ADA3EA2B6DC0E400024639 /* Debug */,
				17ADA3EB2B6DC0E400024639 /* Release */,
			);
			defaultConfigurationIsVisible = 0;
			defaultConfigurationName = Release;
		};
		17ADA3EC2B6DC0E400024639 /* Build configuration list for PBXNativeTarget "ToDoListTests" */ = {
			isa = XCConfigurationList;
			buildConfigurations = (
				17ADA3ED2B6DC0E400024639 /* Debug */,
				17ADA3EE2B6DC0E400024639 /* Release */,
			);
			defaultConfigurationIsVisible = 0;
			defaultConfigurationName = Release;
		};
		17ADA3EF2B6DC0E400024639 /* Build configuration list for PBXNativeTarget "ToDoListUITests" */ = {
			isa = XCConfigurationList;
			buildConfigurations = (
				17ADA3F02B6DC0E400024639 /* Debug */,
				17ADA3F12B6DC0E400024639 /* Release */,
			);
			defaultConfigurationIsVisible = 0;
			defaultConfigurationName = Release;
		};
/* End XCConfigurationList section */

/* Begin XCRemoteSwiftPackageReference section */
		17ADA3F22B6DC18B00024639 /* XCRemoteSwiftPackageReference "firebase-ios-sdk" */ = {
			isa = XCRemoteSwiftPackageReference;
			repositoryURL = "https://github.com/firebase/firebase-ios-sdk.git";
			requirement = {
				kind = upToNextMajorVersion;
				minimumVersion = 10.20.0;
			};
		};
/* End XCRemoteSwiftPackageReference section */

/* Begin XCSwiftPackageProductDependency section */
		17ADA3F32B6DC18B00024639 /* FirebaseAuth */ = {
			isa = XCSwiftPackageProductDependency;
			package = 17ADA3F22B6DC18B00024639 /* XCRemoteSwiftPackageReference "firebase-ios-sdk" */;
			productName = FirebaseAuth;
		};
		17ADA3F52B6DC18B00024639 /* FirebaseFirestore */ = {
			isa = XCSwiftPackageProductDependency;
			package = 17ADA3F22B6DC18B00024639 /* XCRemoteSwiftPackageReference "firebase-ios-sdk" */;
			productName = FirebaseFirestore;
		};
		17ADA3F72B6DC18B00024639 /* FirebaseFirestoreSwift */ = {
			isa = XCSwiftPackageProductDependency;
			package = 17ADA3F22B6DC18B00024639 /* XCRemoteSwiftPackageReference "firebase-ios-sdk" */;
			productName = FirebaseFirestoreSwift;
		};
/* End XCSwiftPackageProductDependency section */
	};
	rootObject = 17ADA3BD2B6DC0E300024639 /* Project object */;
}
